// !$*UTF8*$!
{
	archiveVersion = 1;
	classes = {
	};
	objectVersion = 55;
	objects = {

/* Begin PBXBuildFile section */
		A538324128B0AC5600D001B8 /* GithubStarsFavoriteTabViewModel.swift in Sources */ = {isa = PBXBuildFile; fileRef = A538324028B0AC5600D001B8 /* GithubStarsFavoriteTabViewModel.swift */; };
		A538324328B0AF9A00D001B8 /* GithubStarsFavoriteAPIViewController.swift in Sources */ = {isa = PBXBuildFile; fileRef = A538324228B0AF9A00D001B8 /* GithubStarsFavoriteAPIViewController.swift */; };
		A538324528B0AFB400D001B8 /* GithubStarsFavoriteLocalViewController.swift in Sources */ = {isa = PBXBuildFile; fileRef = A538324428B0AFB400D001B8 /* GithubStarsFavoriteLocalViewController.swift */; };
		A538324828B0B14B00D001B8 /* GithubStarsFavoriteTableViewCell.xib in Resources */ = {isa = PBXBuildFile; fileRef = A538324728B0B14B00D001B8 /* GithubStarsFavoriteTableViewCell.xib */; };
		A538324A28B0B18F00D001B8 /* GithubStarsFavoriteTableViewCell.swift in Sources */ = {isa = PBXBuildFile; fileRef = A538324928B0B18F00D001B8 /* GithubStarsFavoriteTableViewCell.swift */; };
		A538324C28B0C5E000D001B8 /* GithubStarsFavoriteAPIViewModel.swift in Sources */ = {isa = PBXBuildFile; fileRef = A538324B28B0C5E000D001B8 /* GithubStarsFavoriteAPIViewModel.swift */; };
		A538324F28B0CC5300D001B8 /* Kingfisher in Frameworks */ = {isa = PBXBuildFile; productRef = A538324E28B0CC5300D001B8 /* Kingfisher */; };
		A538325228B0D16E00D001B8 /* UIViewController+Extension.swift in Sources */ = {isa = PBXBuildFile; fileRef = A538325128B0D16E00D001B8 /* UIViewController+Extension.swift */; };
		A538325528B186F200D001B8 /* RxGRDB in Frameworks */ = {isa = PBXBuildFile; productRef = A538325428B186F200D001B8 /* RxGRDB */; };
		A538325728B1997700D001B8 /* LocalUser.swift in Sources */ = {isa = PBXBuildFile; fileRef = A538325628B1997700D001B8 /* LocalUser.swift */; };
		A538325928B19A7900D001B8 /* LocalUsers.swift in Sources */ = {isa = PBXBuildFile; fileRef = A538325828B19A7900D001B8 /* LocalUsers.swift */; };
		A538325C28B1A03000D001B8 /* AppDatabase.swift in Sources */ = {isa = PBXBuildFile; fileRef = A538325B28B1A03000D001B8 /* AppDatabase.swift */; };
		A538325E28B1A0B600D001B8 /* Wolrd.swift in Sources */ = {isa = PBXBuildFile; fileRef = A538325D28B1A0B600D001B8 /* Wolrd.swift */; };
		A538326028B1DC7400D001B8 /* GithubStarsFavoriteLocalViewModel.swift in Sources */ = {isa = PBXBuildFile; fileRef = A538325F28B1DC7400D001B8 /* GithubStarsFavoriteLocalViewModel.swift */; };
		A538326328B205F600D001B8 /* RxDataSources in Frameworks */ = {isa = PBXBuildFile; productRef = A538326228B205F600D001B8 /* RxDataSources */; };
		A542D28F28B093E300AE472E /* Moya in Frameworks */ = {isa = PBXBuildFile; productRef = A542D28E28B093E300AE472E /* Moya */; };
		A5AC324428B0963B00E9588C /* BaseViewModel.swift in Sources */ = {isa = PBXBuildFile; fileRef = A5AC324328B0963B00E9588C /* BaseViewModel.swift */; };
		A5AC324728B096A800E9588C /* RxCocoa in Frameworks */ = {isa = PBXBuildFile; productRef = A5AC324628B096A800E9588C /* RxCocoa */; };
		A5AC324A28B099C400E9588C /* Tabman in Frameworks */ = {isa = PBXBuildFile; productRef = A5AC324928B099C400E9588C /* Tabman */; };
		A5AC324C28B0A3B400E9588C /* GithubStarsFavoriteTabViewController.swift in Sources */ = {isa = PBXBuildFile; fileRef = A5AC324B28B0A3B400E9588C /* GithubStarsFavoriteTabViewController.swift */; };
		A5D36F4D28B0604A003F59CB /* AppDelegate.swift in Sources */ = {isa = PBXBuildFile; fileRef = A5D36F4C28B0604A003F59CB /* AppDelegate.swift */; };
		A5D36F5128B0604A003F59CB /* GithubStarsFavoriteViewController.swift in Sources */ = {isa = PBXBuildFile; fileRef = A5D36F5028B0604A003F59CB /* GithubStarsFavoriteViewController.swift */; };
		A5D36F5428B0604A003F59CB /* Main.storyboard in Resources */ = {isa = PBXBuildFile; fileRef = A5D36F5228B0604A003F59CB /* Main.storyboard */; };
		A5D36F5628B0604C003F59CB /* Assets.xcassets in Resources */ = {isa = PBXBuildFile; fileRef = A5D36F5528B0604C003F59CB /* Assets.xcassets */; };
		A5D36F5928B0604C003F59CB /* LaunchScreen.storyboard in Resources */ = {isa = PBXBuildFile; fileRef = A5D36F5728B0604C003F59CB /* LaunchScreen.storyboard */; };
		A5D36F6428B0604D003F59CB /* GitHubStartsFavoriteTests.swift in Sources */ = {isa = PBXBuildFile; fileRef = A5D36F6328B0604D003F59CB /* GitHubStartsFavoriteTests.swift */; };
		A5D36F6E28B0604D003F59CB /* GitHubStartsFavoriteUITests.swift in Sources */ = {isa = PBXBuildFile; fileRef = A5D36F6D28B0604D003F59CB /* GitHubStartsFavoriteUITests.swift */; };
		A5D36F7028B0604D003F59CB /* GitHubStartsFavoriteUITestsLaunchTests.swift in Sources */ = {isa = PBXBuildFile; fileRef = A5D36F6F28B0604D003F59CB /* GitHubStartsFavoriteUITestsLaunchTests.swift */; };
		A5D36F8028B069E0003F59CB /* GithubSearchUsersAPI.swift in Sources */ = {isa = PBXBuildFile; fileRef = A5D36F7F28B069E0003F59CB /* GithubSearchUsersAPI.swift */; };
		A5D36F8D28B06AA4003F59CB /* ResponseData.swift in Sources */ = {isa = PBXBuildFile; fileRef = A5D36F8928B06AA3003F59CB /* ResponseData.swift */; };
		A5D36F8E28B06AA4003F59CB /* Networkable.swift in Sources */ = {isa = PBXBuildFile; fileRef = A5D36F8A28B06AA4003F59CB /* Networkable.swift */; };
		A5D36F8F28B06AA4003F59CB /* BaseTargetType.swift in Sources */ = {isa = PBXBuildFile; fileRef = A5D36F8B28B06AA4003F59CB /* BaseTargetType.swift */; };
		A5D36F9228B06B19003F59CB /* GithubSearchUsersTarget.swift in Sources */ = {isa = PBXBuildFile; fileRef = A5D36F9128B06B18003F59CB /* GithubSearchUsersTarget.swift */; };
		A5D36F9C28B071EA003F59CB /* SearchUserParams.swift in Sources */ = {isa = PBXBuildFile; fileRef = A5D36F9B28B071EA003F59CB /* SearchUserParams.swift */; };
		A5D36F9F28B07376003F59CB /* Encodable.swift in Sources */ = {isa = PBXBuildFile; fileRef = A5D36F9E28B07376003F59CB /* Encodable.swift */; };
		A5D36FA128B08557003F59CB /* User.swift in Sources */ = {isa = PBXBuildFile; fileRef = A5D36FA028B08557003F59CB /* User.swift */; };
		A5D36FA328B08590003F59CB /* Users.swift in Sources */ = {isa = PBXBuildFile; fileRef = A5D36FA228B0858F003F59CB /* Users.swift */; };
/* End PBXBuildFile section */

/* Begin PBXContainerItemProxy section */
		A5D36F6028B0604D003F59CB /* PBXContainerItemProxy */ = {
			isa = PBXContainerItemProxy;
			containerPortal = A5D36F4128B0604A003F59CB /* Project object */;
			proxyType = 1;
			remoteGlobalIDString = A5D36F4828B0604A003F59CB;
			remoteInfo = GitHubStartsFavorite;
		};
		A5D36F6A28B0604D003F59CB /* PBXContainerItemProxy */ = {
			isa = PBXContainerItemProxy;
			containerPortal = A5D36F4128B0604A003F59CB /* Project object */;
			proxyType = 1;
			remoteGlobalIDString = A5D36F4828B0604A003F59CB;
			remoteInfo = GitHubStartsFavorite;
		};
/* End PBXContainerItemProxy section */

/* Begin PBXFileReference section */
		A538324028B0AC5600D001B8 /* GithubStarsFavoriteTabViewModel.swift */ = {isa = PBXFileReference; lastKnownFileType = sourcecode.swift; path = GithubStarsFavoriteTabViewModel.swift; sourceTree = "<group>"; };
		A538324228B0AF9A00D001B8 /* GithubStarsFavoriteAPIViewController.swift */ = {isa = PBXFileReference; lastKnownFileType = sourcecode.swift; path = GithubStarsFavoriteAPIViewController.swift; sourceTree = "<group>"; };
		A538324428B0AFB400D001B8 /* GithubStarsFavoriteLocalViewController.swift */ = {isa = PBXFileReference; lastKnownFileType = sourcecode.swift; path = GithubStarsFavoriteLocalViewController.swift; sourceTree = "<group>"; };
		A538324728B0B14B00D001B8 /* GithubStarsFavoriteTableViewCell.xib */ = {isa = PBXFileReference; lastKnownFileType = file.xib; path = GithubStarsFavoriteTableViewCell.xib; sourceTree = "<group>"; };
		A538324928B0B18F00D001B8 /* GithubStarsFavoriteTableViewCell.swift */ = {isa = PBXFileReference; lastKnownFileType = sourcecode.swift; path = GithubStarsFavoriteTableViewCell.swift; sourceTree = "<group>"; };
		A538324B28B0C5E000D001B8 /* GithubStarsFavoriteAPIViewModel.swift */ = {isa = PBXFileReference; lastKnownFileType = sourcecode.swift; path = GithubStarsFavoriteAPIViewModel.swift; sourceTree = "<group>"; };
		A538325128B0D16E00D001B8 /* UIViewController+Extension.swift */ = {isa = PBXFileReference; lastKnownFileType = sourcecode.swift; path = "UIViewController+Extension.swift"; sourceTree = "<group>"; };
		A538325628B1997700D001B8 /* LocalUser.swift */ = {isa = PBXFileReference; lastKnownFileType = sourcecode.swift; path = LocalUser.swift; sourceTree = "<group>"; };
		A538325828B19A7900D001B8 /* LocalUsers.swift */ = {isa = PBXFileReference; lastKnownFileType = sourcecode.swift; path = LocalUsers.swift; sourceTree = "<group>"; };
		A538325B28B1A03000D001B8 /* AppDatabase.swift */ = {isa = PBXFileReference; lastKnownFileType = sourcecode.swift; path = AppDatabase.swift; sourceTree = "<group>"; };
		A538325D28B1A0B600D001B8 /* Wolrd.swift */ = {isa = PBXFileReference; lastKnownFileType = sourcecode.swift; path = Wolrd.swift; sourceTree = "<group>"; };
		A538325F28B1DC7400D001B8 /* GithubStarsFavoriteLocalViewModel.swift */ = {isa = PBXFileReference; lastKnownFileType = sourcecode.swift; path = GithubStarsFavoriteLocalViewModel.swift; sourceTree = "<group>"; };
		A5AC324328B0963B00E9588C /* BaseViewModel.swift */ = {isa = PBXFileReference; lastKnownFileType = sourcecode.swift; path = BaseViewModel.swift; sourceTree = "<group>"; };
		A5AC324B28B0A3B400E9588C /* GithubStarsFavoriteTabViewController.swift */ = {isa = PBXFileReference; lastKnownFileType = sourcecode.swift; path = GithubStarsFavoriteTabViewController.swift; sourceTree = "<group>"; };
		A5D36F4928B0604A003F59CB /* GitHubStarsFavorite.app */ = {isa = PBXFileReference; explicitFileType = wrapper.application; includeInIndex = 0; path = GitHubStarsFavorite.app; sourceTree = BUILT_PRODUCTS_DIR; };
		A5D36F4C28B0604A003F59CB /* AppDelegate.swift */ = {isa = PBXFileReference; lastKnownFileType = sourcecode.swift; path = AppDelegate.swift; sourceTree = "<group>"; };
		A5D36F5028B0604A003F59CB /* GithubStarsFavoriteViewController.swift */ = {isa = PBXFileReference; lastKnownFileType = sourcecode.swift; path = GithubStarsFavoriteViewController.swift; sourceTree = "<group>"; };
		A5D36F5328B0604A003F59CB /* Base */ = {isa = PBXFileReference; lastKnownFileType = file.storyboard; name = Base; path = Base.lproj/Main.storyboard; sourceTree = "<group>"; };
		A5D36F5528B0604C003F59CB /* Assets.xcassets */ = {isa = PBXFileReference; lastKnownFileType = folder.assetcatalog; path = Assets.xcassets; sourceTree = "<group>"; };
		A5D36F5828B0604C003F59CB /* Base */ = {isa = PBXFileReference; lastKnownFileType = file.storyboard; name = Base; path = Base.lproj/LaunchScreen.storyboard; sourceTree = "<group>"; };
		A5D36F5A28B0604C003F59CB /* Info.plist */ = {isa = PBXFileReference; lastKnownFileType = text.plist.xml; path = Info.plist; sourceTree = "<group>"; };
		A5D36F5F28B0604D003F59CB /* GitHubStarsFavoriteTests.xctest */ = {isa = PBXFileReference; explicitFileType = wrapper.cfbundle; includeInIndex = 0; path = GitHubStarsFavoriteTests.xctest; sourceTree = BUILT_PRODUCTS_DIR; };
		A5D36F6328B0604D003F59CB /* GitHubStartsFavoriteTests.swift */ = {isa = PBXFileReference; lastKnownFileType = sourcecode.swift; path = GitHubStartsFavoriteTests.swift; sourceTree = "<group>"; };
		A5D36F6928B0604D003F59CB /* GitHubStarsFavoriteUITests.xctest */ = {isa = PBXFileReference; explicitFileType = wrapper.cfbundle; includeInIndex = 0; path = GitHubStarsFavoriteUITests.xctest; sourceTree = BUILT_PRODUCTS_DIR; };
		A5D36F6D28B0604D003F59CB /* GitHubStartsFavoriteUITests.swift */ = {isa = PBXFileReference; lastKnownFileType = sourcecode.swift; path = GitHubStartsFavoriteUITests.swift; sourceTree = "<group>"; };
		A5D36F6F28B0604D003F59CB /* GitHubStartsFavoriteUITestsLaunchTests.swift */ = {isa = PBXFileReference; lastKnownFileType = sourcecode.swift; path = GitHubStartsFavoriteUITestsLaunchTests.swift; sourceTree = "<group>"; };
		A5D36F7F28B069E0003F59CB /* GithubSearchUsersAPI.swift */ = {isa = PBXFileReference; lastKnownFileType = sourcecode.swift; path = GithubSearchUsersAPI.swift; sourceTree = "<group>"; };
		A5D36F8928B06AA3003F59CB /* ResponseData.swift */ = {isa = PBXFileReference; fileEncoding = 4; lastKnownFileType = sourcecode.swift; path = ResponseData.swift; sourceTree = "<group>"; };
		A5D36F8A28B06AA4003F59CB /* Networkable.swift */ = {isa = PBXFileReference; fileEncoding = 4; lastKnownFileType = sourcecode.swift; path = Networkable.swift; sourceTree = "<group>"; };
		A5D36F8B28B06AA4003F59CB /* BaseTargetType.swift */ = {isa = PBXFileReference; fileEncoding = 4; lastKnownFileType = sourcecode.swift; path = BaseTargetType.swift; sourceTree = "<group>"; };
		A5D36F9128B06B18003F59CB /* GithubSearchUsersTarget.swift */ = {isa = PBXFileReference; lastKnownFileType = sourcecode.swift; path = GithubSearchUsersTarget.swift; sourceTree = "<group>"; };
		A5D36F9B28B071EA003F59CB /* SearchUserParams.swift */ = {isa = PBXFileReference; lastKnownFileType = sourcecode.swift; path = SearchUserParams.swift; sourceTree = "<group>"; };
		A5D36F9E28B07376003F59CB /* Encodable.swift */ = {isa = PBXFileReference; lastKnownFileType = sourcecode.swift; path = Encodable.swift; sourceTree = "<group>"; };
		A5D36FA028B08557003F59CB /* User.swift */ = {isa = PBXFileReference; lastKnownFileType = sourcecode.swift; path = User.swift; sourceTree = "<group>"; };
		A5D36FA228B0858F003F59CB /* Users.swift */ = {isa = PBXFileReference; lastKnownFileType = sourcecode.swift; path = Users.swift; sourceTree = "<group>"; };
/* End PBXFileReference section */

/* Begin PBXFrameworksBuildPhase section */
		A5D36F4628B0604A003F59CB /* Frameworks */ = {
			isa = PBXFrameworksBuildPhase;
			buildActionMask = 2147483647;
			files = (
				A538325528B186F200D001B8 /* RxGRDB in Frameworks */,
				A538324F28B0CC5300D001B8 /* Kingfisher in Frameworks */,
				A5AC324728B096A800E9588C /* RxCocoa in Frameworks */,
				A538326328B205F600D001B8 /* RxDataSources in Frameworks */,
				A542D28F28B093E300AE472E /* Moya in Frameworks */,
				A5AC324A28B099C400E9588C /* Tabman in Frameworks */,
			);
			runOnlyForDeploymentPostprocessing = 0;
		};
		A5D36F5C28B0604D003F59CB /* Frameworks */ = {
			isa = PBXFrameworksBuildPhase;
			buildActionMask = 2147483647;
			files = (
			);
			runOnlyForDeploymentPostprocessing = 0;
		};
		A5D36F6628B0604D003F59CB /* Frameworks */ = {
			isa = PBXFrameworksBuildPhase;
			buildActionMask = 2147483647;
			files = (
			);
			runOnlyForDeploymentPostprocessing = 0;
		};
/* End PBXFrameworksBuildPhase section */

/* Begin PBXGroup section */
		A538324628B0B11500D001B8 /* View */ = {
			isa = PBXGroup;
			children = (
				A538324728B0B14B00D001B8 /* GithubStarsFavoriteTableViewCell.xib */,
				A538324928B0B18F00D001B8 /* GithubStarsFavoriteTableViewCell.swift */,
			);
			path = View;
			sourceTree = "<group>";
		};
		A538325028B0D15000D001B8 /* Extension */ = {
			isa = PBXGroup;
			children = (
				A538325128B0D16E00D001B8 /* UIViewController+Extension.swift */,
			);
			path = Extension;
			sourceTree = "<group>";
		};
		A538325A28B19FF100D001B8 /* DataBase */ = {
			isa = PBXGroup;
			children = (
				A538325B28B1A03000D001B8 /* AppDatabase.swift */,
				A538325D28B1A0B600D001B8 /* Wolrd.swift */,
			);
			path = DataBase;
			sourceTree = "<group>";
		};
		A5AC324228B0962800E9588C /* Common */ = {
			isa = PBXGroup;
			children = (
				A5AC324328B0963B00E9588C /* BaseViewModel.swift */,
			);
			path = Common;
			sourceTree = "<group>";
		};
		A5D36F4028B0604A003F59CB = {
			isa = PBXGroup;
			children = (
				A5D36F4B28B0604A003F59CB /* GitHubStarsFavorite */,
				A5D36F6228B0604D003F59CB /* GitHubStartsFavoriteTests */,
				A5D36F6C28B0604D003F59CB /* GitHubStartsFavoriteUITests */,
				A5D36F4A28B0604A003F59CB /* Products */,
			);
			sourceTree = "<group>";
		};
		A5D36F4A28B0604A003F59CB /* Products */ = {
			isa = PBXGroup;
			children = (
				A5D36F4928B0604A003F59CB /* GitHubStarsFavorite.app */,
				A5D36F5F28B0604D003F59CB /* GitHubStarsFavoriteTests.xctest */,
				A5D36F6928B0604D003F59CB /* GitHubStarsFavoriteUITests.xctest */,
			);
			name = Products;
			sourceTree = "<group>";
		};
		A5D36F4B28B0604A003F59CB /* GitHubStarsFavorite */ = {
			isa = PBXGroup;
			children = (
				A5D36F9928B07122003F59CB /* Classes */,
				A5D36F7C28B06921003F59CB /* Network */,
				A538325A28B19FF100D001B8 /* DataBase */,
				A538325028B0D15000D001B8 /* Extension */,
				A5D36F4C28B0604A003F59CB /* AppDelegate.swift */,
				A5D36F5228B0604A003F59CB /* Main.storyboard */,
				A5D36F5528B0604C003F59CB /* Assets.xcassets */,
				A5D36F5728B0604C003F59CB /* LaunchScreen.storyboard */,
				A5D36F5A28B0604C003F59CB /* Info.plist */,
			);
			path = GitHubStarsFavorite;
			sourceTree = "<group>";
		};
		A5D36F6228B0604D003F59CB /* GitHubStartsFavoriteTests */ = {
			isa = PBXGroup;
			children = (
				A5D36F6328B0604D003F59CB /* GitHubStartsFavoriteTests.swift */,
			);
			path = GitHubStartsFavoriteTests;
			sourceTree = "<group>";
		};
		A5D36F6C28B0604D003F59CB /* GitHubStartsFavoriteUITests */ = {
			isa = PBXGroup;
			children = (
				A5D36F6D28B0604D003F59CB /* GitHubStartsFavoriteUITests.swift */,
				A5D36F6F28B0604D003F59CB /* GitHubStartsFavoriteUITestsLaunchTests.swift */,
			);
			path = GitHubStartsFavoriteUITests;
			sourceTree = "<group>";
		};
		A5D36F7C28B06921003F59CB /* Network */ = {
			isa = PBXGroup;
			children = (
				A5D36F7D28B06937003F59CB /* APIs */,
			);
			path = Network;
			sourceTree = "<group>";
		};
		A5D36F7D28B06937003F59CB /* APIs */ = {
			isa = PBXGroup;
			children = (
				A5D36F7E28B06998003F59CB /* SearchUser */,
				A5D36F8828B06A83003F59CB /* Common */,
				A5D36F9D28B07344003F59CB /* Utils */,
			);
			path = APIs;
			sourceTree = "<group>";
		};
		A5D36F7E28B06998003F59CB /* SearchUser */ = {
			isa = PBXGroup;
			children = (
				A5D36F9128B06B18003F59CB /* GithubSearchUsersTarget.swift */,
				A5D36F7F28B069E0003F59CB /* GithubSearchUsersAPI.swift */,
				A5D36F9B28B071EA003F59CB /* SearchUserParams.swift */,
			);
			path = SearchUser;
			sourceTree = "<group>";
		};
		A5D36F8828B06A83003F59CB /* Common */ = {
			isa = PBXGroup;
			children = (
				A5D36F8B28B06AA4003F59CB /* BaseTargetType.swift */,
				A5D36F8A28B06AA4003F59CB /* Networkable.swift */,
				A5D36F8928B06AA3003F59CB /* ResponseData.swift */,
			);
			path = Common;
			sourceTree = "<group>";
		};
		A5D36F9928B07122003F59CB /* Classes */ = {
			isa = PBXGroup;
			children = (
				A538324628B0B11500D001B8 /* View */,
				A5D36FA528B09176003F59CB /* Controller */,
				A5D36FA428B09121003F59CB /* ViewModel */,
				A5D36F9A28B07136003F59CB /* Model */,
			);
			path = Classes;
			sourceTree = "<group>";
		};
		A5D36F9A28B07136003F59CB /* Model */ = {
			isa = PBXGroup;
			children = (
				A5D36FA028B08557003F59CB /* User.swift */,
				A5D36FA228B0858F003F59CB /* Users.swift */,
				A538325628B1997700D001B8 /* LocalUser.swift */,
				A538325828B19A7900D001B8 /* LocalUsers.swift */,
			);
			path = Model;
			sourceTree = "<group>";
		};
		A5D36F9D28B07344003F59CB /* Utils */ = {
			isa = PBXGroup;
			children = (
				A5D36F9E28B07376003F59CB /* Encodable.swift */,
			);
			path = Utils;
			sourceTree = "<group>";
		};
		A5D36FA428B09121003F59CB /* ViewModel */ = {
			isa = PBXGroup;
			children = (
				A5AC324228B0962800E9588C /* Common */,
				A538324028B0AC5600D001B8 /* GithubStarsFavoriteTabViewModel.swift */,
				A538324B28B0C5E000D001B8 /* GithubStarsFavoriteAPIViewModel.swift */,
				A538325F28B1DC7400D001B8 /* GithubStarsFavoriteLocalViewModel.swift */,
			);
			path = ViewModel;
			sourceTree = "<group>";
		};
		A5D36FA528B09176003F59CB /* Controller */ = {
			isa = PBXGroup;
			children = (
				A5D36F5028B0604A003F59CB /* GithubStarsFavoriteViewController.swift */,
				A5AC324B28B0A3B400E9588C /* GithubStarsFavoriteTabViewController.swift */,
				A538324228B0AF9A00D001B8 /* GithubStarsFavoriteAPIViewController.swift */,
				A538324428B0AFB400D001B8 /* GithubStarsFavoriteLocalViewController.swift */,
			);
			path = Controller;
			sourceTree = "<group>";
		};
/* End PBXGroup section */

/* Begin PBXNativeTarget section */
		A5D36F4828B0604A003F59CB /* GitHubStarsFavorite */ = {
			isa = PBXNativeTarget;
			buildConfigurationList = A5D36F7328B0604D003F59CB /* Build configuration list for PBXNativeTarget "GitHubStarsFavorite" */;
			buildPhases = (
				A5D36F4528B0604A003F59CB /* Sources */,
				A5D36F4628B0604A003F59CB /* Frameworks */,
				A5D36F4728B0604A003F59CB /* Resources */,
			);
			buildRules = (
			);
			dependencies = (
			);
			name = GitHubStarsFavorite;
			packageProductDependencies = (
				A542D28E28B093E300AE472E /* Moya */,
				A5AC324628B096A800E9588C /* RxCocoa */,
				A5AC324928B099C400E9588C /* Tabman */,
				A538324E28B0CC5300D001B8 /* Kingfisher */,
				A538325428B186F200D001B8 /* RxGRDB */,
				A538326228B205F600D001B8 /* RxDataSources */,
			);
			productName = GitHubStartsFavorite;
			productReference = A5D36F4928B0604A003F59CB /* GitHubStarsFavorite.app */;
			productType = "com.apple.product-type.application";
		};
		A5D36F5E28B0604D003F59CB /* GitHubStarsFavoriteTests */ = {
			isa = PBXNativeTarget;
			buildConfigurationList = A5D36F7628B0604D003F59CB /* Build configuration list for PBXNativeTarget "GitHubStarsFavoriteTests" */;
			buildPhases = (
				A5D36F5B28B0604D003F59CB /* Sources */,
				A5D36F5C28B0604D003F59CB /* Frameworks */,
				A5D36F5D28B0604D003F59CB /* Resources */,
			);
			buildRules = (
			);
			dependencies = (
				A5D36F6128B0604D003F59CB /* PBXTargetDependency */,
			);
			name = GitHubStarsFavoriteTests;
			productName = GitHubStartsFavoriteTests;
			productReference = A5D36F5F28B0604D003F59CB /* GitHubStarsFavoriteTests.xctest */;
			productType = "com.apple.product-type.bundle.unit-test";
		};
		A5D36F6828B0604D003F59CB /* GitHubStarsFavoriteUITests */ = {
			isa = PBXNativeTarget;
			buildConfigurationList = A5D36F7928B0604D003F59CB /* Build configuration list for PBXNativeTarget "GitHubStarsFavoriteUITests" */;
			buildPhases = (
				A5D36F6528B0604D003F59CB /* Sources */,
				A5D36F6628B0604D003F59CB /* Frameworks */,
				A5D36F6728B0604D003F59CB /* Resources */,
			);
			buildRules = (
			);
			dependencies = (
				A5D36F6B28B0604D003F59CB /* PBXTargetDependency */,
			);
			name = GitHubStarsFavoriteUITests;
			productName = GitHubStartsFavoriteUITests;
			productReference = A5D36F6928B0604D003F59CB /* GitHubStarsFavoriteUITests.xctest */;
			productType = "com.apple.product-type.bundle.ui-testing";
		};
/* End PBXNativeTarget section */

/* Begin PBXProject section */
		A5D36F4128B0604A003F59CB /* Project object */ = {
			isa = PBXProject;
			attributes = {
				BuildIndependentTargetsInParallel = 1;
				LastSwiftUpdateCheck = 1340;
				LastUpgradeCheck = 1340;
				TargetAttributes = {
					A5D36F4828B0604A003F59CB = {
						CreatedOnToolsVersion = 13.4.1;
					};
					A5D36F5E28B0604D003F59CB = {
						CreatedOnToolsVersion = 13.4.1;
						TestTargetID = A5D36F4828B0604A003F59CB;
					};
					A5D36F6828B0604D003F59CB = {
						CreatedOnToolsVersion = 13.4.1;
						TestTargetID = A5D36F4828B0604A003F59CB;
					};
				};
			};
			buildConfigurationList = A5D36F4428B0604A003F59CB /* Build configuration list for PBXProject "GitHubStarsFavorite" */;
			compatibilityVersion = "Xcode 13.0";
			developmentRegion = en;
			hasScannedForEncodings = 0;
			knownRegions = (
				en,
				Base,
			);
			mainGroup = A5D36F4028B0604A003F59CB;
			packageReferences = (
				A542D28A28B0932400AE472E /* XCRemoteSwiftPackageReference "Rxswift" */,
				A542D28D28B093E300AE472E /* XCRemoteSwiftPackageReference "Moya" */,
				A5AC324528B096A800E9588C /* XCRemoteSwiftPackageReference "Rxswift" */,
				A5AC324828B099C400E9588C /* XCRemoteSwiftPackageReference "Tabman" */,
				A538324D28B0CC5300D001B8 /* XCRemoteSwiftPackageReference "Kingfisher" */,
				A538325328B186F200D001B8 /* XCRemoteSwiftPackageReference "RxGRDB" */,
				A538326128B205F600D001B8 /* XCRemoteSwiftPackageReference "RxDataSources" */,
			);
			productRefGroup = A5D36F4A28B0604A003F59CB /* Products */;
			projectDirPath = "";
			projectRoot = "";
			targets = (
				A5D36F4828B0604A003F59CB /* GitHubStarsFavorite */,
				A5D36F5E28B0604D003F59CB /* GitHubStarsFavoriteTests */,
				A5D36F6828B0604D003F59CB /* GitHubStarsFavoriteUITests */,
			);
		};
/* End PBXProject section */

/* Begin PBXResourcesBuildPhase section */
		A5D36F4728B0604A003F59CB /* Resources */ = {
			isa = PBXResourcesBuildPhase;
			buildActionMask = 2147483647;
			files = (
				A538324828B0B14B00D001B8 /* GithubStarsFavoriteTableViewCell.xib in Resources */,
				A5D36F5928B0604C003F59CB /* LaunchScreen.storyboard in Resources */,
				A5D36F5628B0604C003F59CB /* Assets.xcassets in Resources */,
				A5D36F5428B0604A003F59CB /* Main.storyboard in Resources */,
			);
			runOnlyForDeploymentPostprocessing = 0;
		};
		A5D36F5D28B0604D003F59CB /* Resources */ = {
			isa = PBXResourcesBuildPhase;
			buildActionMask = 2147483647;
			files = (
			);
			runOnlyForDeploymentPostprocessing = 0;
		};
		A5D36F6728B0604D003F59CB /* Resources */ = {
			isa = PBXResourcesBuildPhase;
			buildActionMask = 2147483647;
			files = (
			);
			runOnlyForDeploymentPostprocessing = 0;
		};
/* End PBXResourcesBuildPhase section */

/* Begin PBXSourcesBuildPhase section */
		A5D36F4528B0604A003F59CB /* Sources */ = {
			isa = PBXSourcesBuildPhase;
			buildActionMask = 2147483647;
			files = (
				A538325E28B1A0B600D001B8 /* Wolrd.swift in Sources */,
				A538326028B1DC7400D001B8 /* GithubStarsFavoriteLocalViewModel.swift in Sources */,
				A5D36F5128B0604A003F59CB /* GithubStarsFavoriteViewController.swift in Sources */,
				A5AC324C28B0A3B400E9588C /* GithubStarsFavoriteTabViewController.swift in Sources */,
				A5D36F4D28B0604A003F59CB /* AppDelegate.swift in Sources */,
				A5D36F8D28B06AA4003F59CB /* ResponseData.swift in Sources */,
				A5D36F9228B06B19003F59CB /* GithubSearchUsersTarget.swift in Sources */,
				A5D36FA328B08590003F59CB /* Users.swift in Sources */,
				A5D36F8E28B06AA4003F59CB /* Networkable.swift in Sources */,
				A5D36F8028B069E0003F59CB /* GithubSearchUsersAPI.swift in Sources */,
				A538325228B0D16E00D001B8 /* UIViewController+Extension.swift in Sources */,
				A538325928B19A7900D001B8 /* LocalUsers.swift in Sources */,
				A5AC324428B0963B00E9588C /* BaseViewModel.swift in Sources */,
				A5D36F9C28B071EA003F59CB /* SearchUserParams.swift in Sources */,
				A5D36F8F28B06AA4003F59CB /* BaseTargetType.swift in Sources */,
				A538324528B0AFB400D001B8 /* GithubStarsFavoriteLocalViewController.swift in Sources */,
				A538324C28B0C5E000D001B8 /* GithubStarsFavoriteAPIViewModel.swift in Sources */,
				A538324128B0AC5600D001B8 /* GithubStarsFavoriteTabViewModel.swift in Sources */,
				A538325C28B1A03000D001B8 /* AppDatabase.swift in Sources */,
				A5D36F9F28B07376003F59CB /* Encodable.swift in Sources */,
				A538325728B1997700D001B8 /* LocalUser.swift in Sources */,
				A538324328B0AF9A00D001B8 /* GithubStarsFavoriteAPIViewController.swift in Sources */,
				A538324A28B0B18F00D001B8 /* GithubStarsFavoriteTableViewCell.swift in Sources */,
				A5D36FA128B08557003F59CB /* User.swift in Sources */,
			);
			runOnlyForDeploymentPostprocessing = 0;
		};
		A5D36F5B28B0604D003F59CB /* Sources */ = {
			isa = PBXSourcesBuildPhase;
			buildActionMask = 2147483647;
			files = (
				A5D36F6428B0604D003F59CB /* GitHubStartsFavoriteTests.swift in Sources */,
			);
			runOnlyForDeploymentPostprocessing = 0;
		};
		A5D36F6528B0604D003F59CB /* Sources */ = {
			isa = PBXSourcesBuildPhase;
			buildActionMask = 2147483647;
			files = (
				A5D36F7028B0604D003F59CB /* GitHubStartsFavoriteUITestsLaunchTests.swift in Sources */,
				A5D36F6E28B0604D003F59CB /* GitHubStartsFavoriteUITests.swift in Sources */,
			);
			runOnlyForDeploymentPostprocessing = 0;
		};
/* End PBXSourcesBuildPhase section */

/* Begin PBXTargetDependency section */
		A5D36F6128B0604D003F59CB /* PBXTargetDependency */ = {
			isa = PBXTargetDependency;
			target = A5D36F4828B0604A003F59CB /* GitHubStarsFavorite */;
			targetProxy = A5D36F6028B0604D003F59CB /* PBXContainerItemProxy */;
		};
		A5D36F6B28B0604D003F59CB /* PBXTargetDependency */ = {
			isa = PBXTargetDependency;
			target = A5D36F4828B0604A003F59CB /* GitHubStarsFavorite */;
			targetProxy = A5D36F6A28B0604D003F59CB /* PBXContainerItemProxy */;
		};
/* End PBXTargetDependency section */

/* Begin PBXVariantGroup section */
		A5D36F5228B0604A003F59CB /* Main.storyboard */ = {
			isa = PBXVariantGroup;
			children = (
				A5D36F5328B0604A003F59CB /* Base */,
			);
			name = Main.storyboard;
			sourceTree = "<group>";
		};
		A5D36F5728B0604C003F59CB /* LaunchScreen.storyboard */ = {
			isa = PBXVariantGroup;
			children = (
				A5D36F5828B0604C003F59CB /* Base */,
			);
			name = LaunchScreen.storyboard;
			sourceTree = "<group>";
		};
/* End PBXVariantGroup section */

/* Begin XCBuildConfiguration section */
		A5D36F7128B0604D003F59CB /* Debug */ = {
			isa = XCBuildConfiguration;
			buildSettings = {
				ALWAYS_SEARCH_USER_PATHS = NO;
				CLANG_ANALYZER_NONNULL = YES;
				CLANG_ANALYZER_NUMBER_OBJECT_CONVERSION = YES_AGGRESSIVE;
				CLANG_CXX_LANGUAGE_STANDARD = "gnu++17";
				CLANG_ENABLE_MODULES = YES;
				CLANG_ENABLE_OBJC_ARC = YES;
				CLANG_ENABLE_OBJC_WEAK = YES;
				CLANG_WARN_BLOCK_CAPTURE_AUTORELEASING = YES;
				CLANG_WARN_BOOL_CONVERSION = YES;
				CLANG_WARN_COMMA = YES;
				CLANG_WARN_CONSTANT_CONVERSION = YES;
				CLANG_WARN_DEPRECATED_OBJC_IMPLEMENTATIONS = YES;
				CLANG_WARN_DIRECT_OBJC_ISA_USAGE = YES_ERROR;
				CLANG_WARN_DOCUMENTATION_COMMENTS = YES;
				CLANG_WARN_EMPTY_BODY = YES;
				CLANG_WARN_ENUM_CONVERSION = YES;
				CLANG_WARN_INFINITE_RECURSION = YES;
				CLANG_WARN_INT_CONVERSION = YES;
				CLANG_WARN_NON_LITERAL_NULL_CONVERSION = YES;
				CLANG_WARN_OBJC_IMPLICIT_RETAIN_SELF = YES;
				CLANG_WARN_OBJC_LITERAL_CONVERSION = YES;
				CLANG_WARN_OBJC_ROOT_CLASS = YES_ERROR;
				CLANG_WARN_QUOTED_INCLUDE_IN_FRAMEWORK_HEADER = YES;
				CLANG_WARN_RANGE_LOOP_ANALYSIS = YES;
				CLANG_WARN_STRICT_PROTOTYPES = YES;
				CLANG_WARN_SUSPICIOUS_MOVE = YES;
				CLANG_WARN_UNGUARDED_AVAILABILITY = YES_AGGRESSIVE;
				CLANG_WARN_UNREACHABLE_CODE = YES;
				CLANG_WARN__DUPLICATE_METHOD_MATCH = YES;
				COPY_PHASE_STRIP = NO;
				DEBUG_INFORMATION_FORMAT = dwarf;
				ENABLE_STRICT_OBJC_MSGSEND = YES;
				ENABLE_TESTABILITY = YES;
				GCC_C_LANGUAGE_STANDARD = gnu11;
				GCC_DYNAMIC_NO_PIC = NO;
				GCC_NO_COMMON_BLOCKS = YES;
				GCC_OPTIMIZATION_LEVEL = 0;
				GCC_PREPROCESSOR_DEFINITIONS = (
					"DEBUG=1",
					"$(inherited)",
				);
				GCC_WARN_64_TO_32_BIT_CONVERSION = YES;
				GCC_WARN_ABOUT_RETURN_TYPE = YES_ERROR;
				GCC_WARN_UNDECLARED_SELECTOR = YES;
				GCC_WARN_UNINITIALIZED_AUTOS = YES_AGGRESSIVE;
				GCC_WARN_UNUSED_FUNCTION = YES;
				GCC_WARN_UNUSED_VARIABLE = YES;
				IPHONEOS_DEPLOYMENT_TARGET = 15.5;
				MTL_ENABLE_DEBUG_INFO = INCLUDE_SOURCE;
				MTL_FAST_MATH = YES;
				ONLY_ACTIVE_ARCH = YES;
				SDKROOT = iphoneos;
				SWIFT_ACTIVE_COMPILATION_CONDITIONS = DEBUG;
				SWIFT_OPTIMIZATION_LEVEL = "-Onone";
			};
			name = Debug;
		};
		A5D36F7228B0604D003F59CB /* Release */ = {
			isa = XCBuildConfiguration;
			buildSettings = {
				ALWAYS_SEARCH_USER_PATHS = NO;
				CLANG_ANALYZER_NONNULL = YES;
				CLANG_ANALYZER_NUMBER_OBJECT_CONVERSION = YES_AGGRESSIVE;
				CLANG_CXX_LANGUAGE_STANDARD = "gnu++17";
				CLANG_ENABLE_MODULES = YES;
				CLANG_ENABLE_OBJC_ARC = YES;
				CLANG_ENABLE_OBJC_WEAK = YES;
				CLANG_WARN_BLOCK_CAPTURE_AUTORELEASING = YES;
				CLANG_WARN_BOOL_CONVERSION = YES;
				CLANG_WARN_COMMA = YES;
				CLANG_WARN_CONSTANT_CONVERSION = YES;
				CLANG_WARN_DEPRECATED_OBJC_IMPLEMENTATIONS = YES;
				CLANG_WARN_DIRECT_OBJC_ISA_USAGE = YES_ERROR;
				CLANG_WARN_DOCUMENTATION_COMMENTS = YES;
				CLANG_WARN_EMPTY_BODY = YES;
				CLANG_WARN_ENUM_CONVERSION = YES;
				CLANG_WARN_INFINITE_RECURSION = YES;
				CLANG_WARN_INT_CONVERSION = YES;
				CLANG_WARN_NON_LITERAL_NULL_CONVERSION = YES;
				CLANG_WARN_OBJC_IMPLICIT_RETAIN_SELF = YES;
				CLANG_WARN_OBJC_LITERAL_CONVERSION = YES;
				CLANG_WARN_OBJC_ROOT_CLASS = YES_ERROR;
				CLANG_WARN_QUOTED_INCLUDE_IN_FRAMEWORK_HEADER = YES;
				CLANG_WARN_RANGE_LOOP_ANALYSIS = YES;
				CLANG_WARN_STRICT_PROTOTYPES = YES;
				CLANG_WARN_SUSPICIOUS_MOVE = YES;
				CLANG_WARN_UNGUARDED_AVAILABILITY = YES_AGGRESSIVE;
				CLANG_WARN_UNREACHABLE_CODE = YES;
				CLANG_WARN__DUPLICATE_METHOD_MATCH = YES;
				COPY_PHASE_STRIP = NO;
				DEBUG_INFORMATION_FORMAT = "dwarf-with-dsym";
				ENABLE_NS_ASSERTIONS = NO;
				ENABLE_STRICT_OBJC_MSGSEND = YES;
				GCC_C_LANGUAGE_STANDARD = gnu11;
				GCC_NO_COMMON_BLOCKS = YES;
				GCC_WARN_64_TO_32_BIT_CONVERSION = YES;
				GCC_WARN_ABOUT_RETURN_TYPE = YES_ERROR;
				GCC_WARN_UNDECLARED_SELECTOR = YES;
				GCC_WARN_UNINITIALIZED_AUTOS = YES_AGGRESSIVE;
				GCC_WARN_UNUSED_FUNCTION = YES;
				GCC_WARN_UNUSED_VARIABLE = YES;
				IPHONEOS_DEPLOYMENT_TARGET = 15.5;
				MTL_ENABLE_DEBUG_INFO = NO;
				MTL_FAST_MATH = YES;
				SDKROOT = iphoneos;
				SWIFT_COMPILATION_MODE = wholemodule;
				SWIFT_OPTIMIZATION_LEVEL = "-O";
				VALIDATE_PRODUCT = YES;
			};
			name = Release;
		};
		A5D36F7428B0604D003F59CB /* Debug */ = {
			isa = XCBuildConfiguration;
			buildSettings = {
				ASSETCATALOG_COMPILER_APPICON_NAME = AppIcon;
				ASSETCATALOG_COMPILER_GLOBAL_ACCENT_COLOR_NAME = AccentColor;
				CODE_SIGN_STYLE = Automatic;
				CURRENT_PROJECT_VERSION = 1;
				DEVELOPMENT_TEAM = HSLFB553JW;
				GENERATE_INFOPLIST_FILE = YES;
				INFOPLIST_FILE = GitHubStarsFavorite/Info.plist;
				INFOPLIST_KEY_UIApplicationSupportsIndirectInputEvents = YES;
				INFOPLIST_KEY_UILaunchStoryboardName = LaunchScreen;
				INFOPLIST_KEY_UIMainStoryboardFile = Main;
				INFOPLIST_KEY_UISupportedInterfaceOrientations = "UIInterfaceOrientationPortrait UIInterfaceOrientationPortraitUpsideDown";
				INFOPLIST_KEY_UISupportedInterfaceOrientations_iPad = "UIInterfaceOrientationPortrait UIInterfaceOrientationPortraitUpsideDown UIInterfaceOrientationLandscapeLeft UIInterfaceOrientationLandscapeRight";
				INFOPLIST_KEY_UISupportedInterfaceOrientations_iPhone = "UIInterfaceOrientationPortrait UIInterfaceOrientationLandscapeLeft UIInterfaceOrientationLandscapeRight";
				IPHONEOS_DEPLOYMENT_TARGET = 13.0;
				LD_RUNPATH_SEARCH_PATHS = (
					"$(inherited)",
					"@executable_path/Frameworks",
				);
				MARKETING_VERSION = 1.0;
				PRODUCT_BUNDLE_IDENTIFIER = capbong.GitHubStarsFavorite;
				PRODUCT_NAME = "$(TARGET_NAME)";
				SWIFT_EMIT_LOC_STRINGS = YES;
				SWIFT_VERSION = 5.0;
				TARGETED_DEVICE_FAMILY = "1,2";
			};
			name = Debug;
		};
		A5D36F7528B0604D003F59CB /* Release */ = {
			isa = XCBuildConfiguration;
			buildSettings = {
				ASSETCATALOG_COMPILER_APPICON_NAME = AppIcon;
				ASSETCATALOG_COMPILER_GLOBAL_ACCENT_COLOR_NAME = AccentColor;
				CODE_SIGN_STYLE = Automatic;
				CURRENT_PROJECT_VERSION = 1;
				DEVELOPMENT_TEAM = HSLFB553JW;
				GENERATE_INFOPLIST_FILE = YES;
				INFOPLIST_FILE = GitHubStarsFavorite/Info.plist;
				INFOPLIST_KEY_UIApplicationSupportsIndirectInputEvents = YES;
				INFOPLIST_KEY_UILaunchStoryboardName = LaunchScreen;
				INFOPLIST_KEY_UIMainStoryboardFile = Main;
				INFOPLIST_KEY_UISupportedInterfaceOrientations = "UIInterfaceOrientationPortrait UIInterfaceOrientationPortraitUpsideDown";
				INFOPLIST_KEY_UISupportedInterfaceOrientations_iPad = "UIInterfaceOrientationPortrait UIInterfaceOrientationPortraitUpsideDown UIInterfaceOrientationLandscapeLeft UIInterfaceOrientationLandscapeRight";
				INFOPLIST_KEY_UISupportedInterfaceOrientations_iPhone = "UIInterfaceOrientationPortrait UIInterfaceOrientationLandscapeLeft UIInterfaceOrientationLandscapeRight";
				IPHONEOS_DEPLOYMENT_TARGET = 13.0;
				LD_RUNPATH_SEARCH_PATHS = (
					"$(inherited)",
					"@executable_path/Frameworks",
				);
				MARKETING_VERSION = 1.0;
				PRODUCT_BUNDLE_IDENTIFIER = capbong.GitHubStarsFavorite;
				PRODUCT_NAME = "$(TARGET_NAME)";
				SWIFT_EMIT_LOC_STRINGS = YES;
				SWIFT_VERSION = 5.0;
				TARGETED_DEVICE_FAMILY = "1,2";
			};
			name = Release;
		};
		A5D36F7728B0604D003F59CB /* Debug */ = {
			isa = XCBuildConfiguration;
			buildSettings = {
				ALWAYS_EMBED_SWIFT_STANDARD_LIBRARIES = YES;
				BUNDLE_LOADER = "$(TEST_HOST)";
				CODE_SIGN_STYLE = Automatic;
				CURRENT_PROJECT_VERSION = 1;
				DEVELOPMENT_TEAM = 3X3Z2KUUJ5;
				GENERATE_INFOPLIST_FILE = YES;
				IPHONEOS_DEPLOYMENT_TARGET = 15.5;
				MARKETING_VERSION = 1.0;
				PRODUCT_BUNDLE_IDENTIFIER = capbong.GitHubStarsFavoriteTests;
				PRODUCT_NAME = "$(TARGET_NAME)";
				SWIFT_EMIT_LOC_STRINGS = NO;
				SWIFT_VERSION = 5.0;
				TARGETED_DEVICE_FAMILY = "1,2";
				TEST_HOST = "$(BUILT_PRODUCTS_DIR)/GitHubStarsFavorite.app/GitHubStarsFavorite";
			};
			name = Debug;
		};
		A5D36F7828B0604D003F59CB /* Release */ = {
			isa = XCBuildConfiguration;
			buildSettings = {
				ALWAYS_EMBED_SWIFT_STANDARD_LIBRARIES = YES;
				BUNDLE_LOADER = "$(TEST_HOST)";
				CODE_SIGN_STYLE = Automatic;
				CURRENT_PROJECT_VERSION = 1;
				DEVELOPMENT_TEAM = 3X3Z2KUUJ5;
				GENERATE_INFOPLIST_FILE = YES;
				IPHONEOS_DEPLOYMENT_TARGET = 15.5;
				MARKETING_VERSION = 1.0;
				PRODUCT_BUNDLE_IDENTIFIER = capbong.GitHubStarsFavoriteTests;
				PRODUCT_NAME = "$(TARGET_NAME)";
				SWIFT_EMIT_LOC_STRINGS = NO;
				SWIFT_VERSION = 5.0;
				TARGETED_DEVICE_FAMILY = "1,2";
				TEST_HOST = "$(BUILT_PRODUCTS_DIR)/GitHubStarsFavorite.app/GitHubStarsFavorite";
			};
			name = Release;
		};
		A5D36F7A28B0604D003F59CB /* Debug */ = {
			isa = XCBuildConfiguration;
			buildSettings = {
				ALWAYS_EMBED_SWIFT_STANDARD_LIBRARIES = YES;
				CODE_SIGN_STYLE = Automatic;
				CURRENT_PROJECT_VERSION = 1;
				DEVELOPMENT_TEAM = 3X3Z2KUUJ5;
				GENERATE_INFOPLIST_FILE = YES;
				MARKETING_VERSION = 1.0;
				PRODUCT_BUNDLE_IDENTIFIER = capbong.GitHubStarsFavoriteUITests;
				PRODUCT_NAME = "$(TARGET_NAME)";
				SWIFT_EMIT_LOC_STRINGS = NO;
				SWIFT_VERSION = 5.0;
				TARGETED_DEVICE_FAMILY = "1,2";
				TEST_TARGET_NAME = GitHubStarsFavorite;
			};
			name = Debug;
		};
		A5D36F7B28B0604D003F59CB /* Release */ = {
			isa = XCBuildConfiguration;
			buildSettings = {
				ALWAYS_EMBED_SWIFT_STANDARD_LIBRARIES = YES;
				CODE_SIGN_STYLE = Automatic;
				CURRENT_PROJECT_VERSION = 1;
				DEVELOPMENT_TEAM = 3X3Z2KUUJ5;
				GENERATE_INFOPLIST_FILE = YES;
				MARKETING_VERSION = 1.0;
				PRODUCT_BUNDLE_IDENTIFIER = capbong.GitHubStarsFavoriteUITests;
				PRODUCT_NAME = "$(TARGET_NAME)";
				SWIFT_EMIT_LOC_STRINGS = NO;
				SWIFT_VERSION = 5.0;
				TARGETED_DEVICE_FAMILY = "1,2";
				TEST_TARGET_NAME = GitHubStarsFavorite;
			};
			name = Release;
		};
/* End XCBuildConfiguration section */

/* Begin XCConfigurationList section */
		A5D36F4428B0604A003F59CB /* Build configuration list for PBXProject "GitHubStarsFavorite" */ = {
			isa = XCConfigurationList;
			buildConfigurations = (
				A5D36F7128B0604D003F59CB /* Debug */,
				A5D36F7228B0604D003F59CB /* Release */,
			);
			defaultConfigurationIsVisible = 0;
			defaultConfigurationName = Release;
		};
		A5D36F7328B0604D003F59CB /* Build configuration list for PBXNativeTarget "GitHubStarsFavorite" */ = {
			isa = XCConfigurationList;
			buildConfigurations = (
				A5D36F7428B0604D003F59CB /* Debug */,
				A5D36F7528B0604D003F59CB /* Release */,
			);
			defaultConfigurationIsVisible = 0;
			defaultConfigurationName = Release;
		};
		A5D36F7628B0604D003F59CB /* Build configuration list for PBXNativeTarget "GitHubStarsFavoriteTests" */ = {
			isa = XCConfigurationList;
			buildConfigurations = (
				A5D36F7728B0604D003F59CB /* Debug */,
				A5D36F7828B0604D003F59CB /* Release */,
			);
			defaultConfigurationIsVisible = 0;
			defaultConfigurationName = Release;
		};
		A5D36F7928B0604D003F59CB /* Build configuration list for PBXNativeTarget "GitHubStarsFavoriteUITests" */ = {
			isa = XCConfigurationList;
			buildConfigurations = (
				A5D36F7A28B0604D003F59CB /* Debug */,
				A5D36F7B28B0604D003F59CB /* Release */,
			);
			defaultConfigurationIsVisible = 0;
			defaultConfigurationName = Release;
		};
/* End XCConfigurationList section */

/* Begin XCRemoteSwiftPackageReference section */
		A538324D28B0CC5300D001B8 /* XCRemoteSwiftPackageReference "Kingfisher" */ = {
			isa = XCRemoteSwiftPackageReference;
			repositoryURL = "https://github.com/onevcat/Kingfisher";
			requirement = {
				branch = master;
				kind = branch;
			};
		};
		A538325328B186F200D001B8 /* XCRemoteSwiftPackageReference "RxGRDB" */ = {
			isa = XCRemoteSwiftPackageReference;
			repositoryURL = "https://github.com/RxSwiftCommunity/RxGRDB";
			requirement = {
				branch = master;
				kind = branch;
			};
		};
		A538326128B205F600D001B8 /* XCRemoteSwiftPackageReference "RxDataSources" */ = {
			isa = XCRemoteSwiftPackageReference;
			repositoryURL = "https://github.com/RxSwiftCommunity/RxDataSources";
			requirement = {
				branch = main;
				kind = branch;
			};
		};
		A542D28A28B0932400AE472E /* XCRemoteSwiftPackageReference "Rxswift" */ = {
			isa = XCRemoteSwiftPackageReference;
			repositoryURL = "https://github.com/reactiveX/Rxswift.git";
			requirement = {
				branch = main;
				kind = branch;
			};
		};
		A542D28D28B093E300AE472E /* XCRemoteSwiftPackageReference "Moya" */ = {
			isa = XCRemoteSwiftPackageReference;
			repositoryURL = "https://github.com/Moya/Moya";
			requirement = {
				branch = master;
				kind = branch;
			};
		};
		A5AC324528B096A800E9588C /* XCRemoteSwiftPackageReference "Rxswift" */ = {
			isa = XCRemoteSwiftPackageReference;
			repositoryURL = "https://github.com/reactiveX/Rxswift.git";
			requirement = {
				branch = main;
				kind = branch;
			};
		};
		A5AC324828B099C400E9588C /* XCRemoteSwiftPackageReference "Tabman" */ = {
			isa = XCRemoteSwiftPackageReference;
			repositoryURL = "https://github.com/uias/Tabman";
			requirement = {
				branch = main;
				kind = branch;
			};
		};
/* End XCRemoteSwiftPackageReference section */

/* Begin XCSwiftPackageProductDependency section */
		A538324E28B0CC5300D001B8 /* Kingfisher */ = {
			isa = XCSwiftPackageProductDependency;
			package = A538324D28B0CC5300D001B8 /* XCRemoteSwiftPackageReference "Kingfisher" */;
			productName = Kingfisher;
		};
		A538325428B186F200D001B8 /* RxGRDB */ = {
			isa = XCSwiftPackageProductDependency;
			package = A538325328B186F200D001B8 /* XCRemoteSwiftPackageReference "RxGRDB" */;
			productName = RxGRDB;
		};
		A538326228B205F600D001B8 /* RxDataSources */ = {
			isa = XCSwiftPackageProductDependency;
			package = A538326128B205F600D001B8 /* XCRemoteSwiftPackageReference "RxDataSources" */;
			productName = RxDataSources;
		};
		A542D28E28B093E300AE472E /* Moya */ = {
			isa = XCSwiftPackageProductDependency;
			package = A542D28D28B093E300AE472E /* XCRemoteSwiftPackageReference "Moya" */;
			productName = Moya;
		};
		A5AC324628B096A800E9588C /* RxCocoa */ = {
			isa = XCSwiftPackageProductDependency;
			package = A542D28A28B0932400AE472E /* XCRemoteSwiftPackageReference "Rxswift" */;
			productName = RxCocoa;
		};
		A5AC324928B099C400E9588C /* Tabman */ = {
			isa = XCSwiftPackageProductDependency;
			package = A5AC324828B099C400E9588C /* XCRemoteSwiftPackageReference "Tabman" */;
			productName = Tabman;
		};
/* End XCSwiftPackageProductDependency section */
	};
	rootObject = A5D36F4128B0604A003F59CB /* Project object */;
}
